// !$*UTF8*$!
{
	archiveVersion = 1;
	classes = {
	};
	objectVersion = 77;
	objects = {

/* Begin PBXBuildFile section */
		AAMAIN01 /* main.swift in Sources */ = {isa = PBXBuildFile; fileRef = AAMAIN02; };
		AAHELP01 /* HelperAppDelegate.swift in Sources */ = {isa = PBXBuildFile; fileRef = AAHELP02; };
		AA0001 /* DockTileApp.swift in Sources */ = {isa = PBXBuildFile; fileRef = AA0002; };
		AA0003 /* AppDelegate.swift in Sources */ = {isa = PBXBuildFile; fileRef = AA0004; };
		AA0005 /* GhostModeManager.swift in Sources */ = {isa = PBXBuildFile; fileRef = AA0006; };
		AAU00001 /* IconGenerator.swift in Sources */ = {isa = PBXBuildFile; fileRef = AAU00002; };
		AAH00001 /* HelperBundleManager.swift in Sources */ = {isa = PBXBuildFile; fileRef = AAH00002; };
		AADPW002 /* DockPlistWatcher.swift in Sources */ = {isa = PBXBuildFile; fileRef = AADPW001; };
		AA0020 /* FloatingPanel.swift in Sources */ = {isa = PBXBuildFile; fileRef = AA0021; };
		AA0022 /* LauncherView.swift in Sources */ = {isa = PBXBuildFile; fileRef = AA0023; };
		AA09AE0F /* ConfigurationModels.swift in Sources */ = {isa = PBXBuildFile; fileRef = AACFE26F; };
		AA3FF186 /* ConfigurationManager.swift in Sources */ = {isa = PBXBuildFile; fileRef = AAC48362; };
		AA28203D /* ColorExtensions.swift in Sources */ = {isa = PBXBuildFile; fileRef = AA90E3D3; };
		AA732640 /* DockTileConfigurationView.swift in Sources */ = {isa = PBXBuildFile; fileRef = AA12D329; };
		AA607EF9 /* DockTileSidebarView.swift in Sources */ = {isa = PBXBuildFile; fileRef = AA169EDE; };
		AAD57BC8 /* DockTileDetailView.swift in Sources */ = {isa = PBXBuildFile; fileRef = AADDFDF7; };
		AA7EF687 /* CustomiseTileView.swift in Sources */ = {isa = PBXBuildFile; fileRef = AAC45935; };
		AA0E9A37 /* DockTileIconPreview.swift in Sources */ = {isa = PBXBuildFile; fileRef = AA547156; };
		AA291E3F /* ItemRowView.swift in Sources */ = {isa = PBXBuildFile; fileRef = AAF32B63; };
		AA597367 /* ColourPickerGrid.swift in Sources */ = {isa = PBXBuildFile; fileRef = AA8A2DA5; };
		AA49ED64 /* SymbolPickerButton.swift in Sources */ = {isa = PBXBuildFile; fileRef = AA94D1EB; };
		AA07E3F1 /* ConfigurationModels.swift in Sources */ = {isa = PBXBuildFile; fileRef = AA0D6A16; };
		AAB66A6F /* ConfigurationManager.swift in Sources */ = {isa = PBXBuildFile; fileRef = AAC89BB2; };
		AA178F39 /* ColorExtensions.swift in Sources */ = {isa = PBXBuildFile; fileRef = AA70D235; };
		AA6FB17C /* DockTileConfigurationView.swift in Sources */ = {isa = PBXBuildFile; fileRef = AAC653A9; };
		AAD2A4FB /* DockTileSidebarView.swift in Sources */ = {isa = PBXBuildFile; fileRef = AA05B3C0; };
		AAB83FE7 /* DockTileDetailView.swift in Sources */ = {isa = PBXBuildFile; fileRef = AA474359; };
		AAD53BEB /* CustomiseTileView.swift in Sources */ = {isa = PBXBuildFile; fileRef = AA9143C9; };
		AAE6C802 /* DockTileIconPreview.swift in Sources */ = {isa = PBXBuildFile; fileRef = AAC2BA1B; };
		AA8E2782 /* ItemRowView.swift in Sources */ = {isa = PBXBuildFile; fileRef = AA2CAE1C; };
		AA96E8AB /* ColourPickerGrid.swift in Sources */ = {isa = PBXBuildFile; fileRef = AAA285A0; };
		AA5DE9E7 /* SymbolPickerButton.swift in Sources */ = {isa = PBXBuildFile; fileRef = AAEF0770; };
/* End PBXBuildFile section */

/* Begin PBXFileReference section */
		AAMAIN02 /* main.swift */ = {isa = PBXFileReference; lastKnownFileType = sourcecode.swift; path = main.swift; sourceTree = "<group>"; };
		AAHELP02 /* HelperAppDelegate.swift */ = {isa = PBXFileReference; lastKnownFileType = sourcecode.swift; path = HelperAppDelegate.swift; sourceTree = "<group>"; };
		AA0002 /* DockTileApp.swift */ = {isa = PBXFileReference; lastKnownFileType = sourcecode.swift; path = DockTileApp.swift; sourceTree = "<group>"; };
		AA0004 /* AppDelegate.swift */ = {isa = PBXFileReference; lastKnownFileType = sourcecode.swift; path = AppDelegate.swift; sourceTree = "<group>"; };
		AA0006 /* GhostModeManager.swift */ = {isa = PBXFileReference; lastKnownFileType = sourcecode.swift; path = GhostModeManager.swift; sourceTree = "<group>"; };
		AA0008 /* Info.plist */ = {isa = PBXFileReference; lastKnownFileType = text.plist.xml; path = Info.plist; sourceTree = "<group>"; };
		AA0009 /* DockTile.app */ = {isa = PBXFileReference; explicitFileType = wrapper.application; includeInIndex = 0; path = DockTile.app; sourceTree = BUILT_PRODUCTS_DIR; };
		AA0021 /* FloatingPanel.swift */ = {isa = PBXFileReference; lastKnownFileType = sourcecode.swift; path = FloatingPanel.swift; sourceTree = "<group>"; };
		AA0023 /* LauncherView.swift */ = {isa = PBXFileReference; lastKnownFileType = sourcecode.swift; path = LauncherView.swift; sourceTree = "<group>"; };
		AACFE26F /* ConfigurationModels.swift */ = {isa = PBXFileReference; lastKnownFileType = sourcecode.swift; path = ConfigurationModels.swift; sourceTree = "<group>"; };
		AAC48362 /* ConfigurationManager.swift */ = {isa = PBXFileReference; lastKnownFileType = sourcecode.swift; path = ConfigurationManager.swift; sourceTree = "<group>"; };
		AA90E3D3 /* ColorExtensions.swift */ = {isa = PBXFileReference; lastKnownFileType = sourcecode.swift; path = ColorExtensions.swift; sourceTree = "<group>"; };
		AA12D329 /* DockTileConfigurationView.swift */ = {isa = PBXFileReference; lastKnownFileType = sourcecode.swift; path = DockTileConfigurationView.swift; sourceTree = "<group>"; };
		AA169EDE /* DockTileSidebarView.swift */ = {isa = PBXFileReference; lastKnownFileType = sourcecode.swift; path = DockTileSidebarView.swift; sourceTree = "<group>"; };
		AADDFDF7 /* DockTileDetailView.swift */ = {isa = PBXFileReference; lastKnownFileType = sourcecode.swift; path = DockTileDetailView.swift; sourceTree = "<group>"; };
		AAC45935 /* CustomiseTileView.swift */ = {isa = PBXFileReference; lastKnownFileType = sourcecode.swift; path = CustomiseTileView.swift; sourceTree = "<group>"; };
		AA547156 /* DockTileIconPreview.swift */ = {isa = PBXFileReference; lastKnownFileType = sourcecode.swift; path = DockTileIconPreview.swift; sourceTree = "<group>"; };
		AAF32B63 /* ItemRowView.swift */ = {isa = PBXFileReference; lastKnownFileType = sourcecode.swift; path = ItemRowView.swift; sourceTree = "<group>"; };
		AA8A2DA5 /* ColourPickerGrid.swift */ = {isa = PBXFileReference; lastKnownFileType = sourcecode.swift; path = ColourPickerGrid.swift; sourceTree = "<group>"; };
		AA94D1EB /* SymbolPickerButton.swift */ = {isa = PBXFileReference; lastKnownFileType = sourcecode.swift; path = SymbolPickerButton.swift; sourceTree = "<group>"; };
		AA0D6A16 /* ConfigurationModels.swift */ = {isa = PBXFileReference; lastKnownFileType = sourcecode.swift; path = ConfigurationModels.swift; sourceTree = "<group>"; };
		AAC89BB2 /* ConfigurationManager.swift */ = {isa = PBXFileReference; lastKnownFileType = sourcecode.swift; path = ConfigurationManager.swift; sourceTree = "<group>"; };
		AA70D235 /* ColorExtensions.swift */ = {isa = PBXFileReference; lastKnownFileType = sourcecode.swift; path = ColorExtensions.swift; sourceTree = "<group>"; };
		AAC653A9 /* DockTileConfigurationView.swift */ = {isa = PBXFileReference; lastKnownFileType = sourcecode.swift; path = DockTileConfigurationView.swift; sourceTree = "<group>"; };
		AA05B3C0 /* DockTileSidebarView.swift */ = {isa = PBXFileReference; lastKnownFileType = sourcecode.swift; path = DockTileSidebarView.swift; sourceTree = "<group>"; };
		AA474359 /* DockTileDetailView.swift */ = {isa = PBXFileReference; lastKnownFileType = sourcecode.swift; path = DockTileDetailView.swift; sourceTree = "<group>"; };
		AA9143C9 /* CustomiseTileView.swift */ = {isa = PBXFileReference; lastKnownFileType = sourcecode.swift; path = CustomiseTileView.swift; sourceTree = "<group>"; };
		AAC2BA1B /* DockTileIconPreview.swift */ = {isa = PBXFileReference; lastKnownFileType = sourcecode.swift; path = DockTileIconPreview.swift; sourceTree = "<group>"; };
		AA2CAE1C /* ItemRowView.swift */ = {isa = PBXFileReference; lastKnownFileType = sourcecode.swift; path = ItemRowView.swift; sourceTree = "<group>"; };
		AAA285A0 /* ColourPickerGrid.swift */ = {isa = PBXFileReference; lastKnownFileType = sourcecode.swift; path = ColourPickerGrid.swift; sourceTree = "<group>"; };
		AAEF0770 /* SymbolPickerButton.swift */ = {isa = PBXFileReference; lastKnownFileType = sourcecode.swift; path = SymbolPickerButton.swift; sourceTree = "<group>"; };
		AAU00002 /* IconGenerator.swift */ = {isa = PBXFileReference; lastKnownFileType = sourcecode.swift; path = IconGenerator.swift; sourceTree = "<group>"; };
		AAH00002 /* HelperBundleManager.swift */ = {isa = PBXFileReference; lastKnownFileType = sourcecode.swift; path = HelperBundleManager.swift; sourceTree = "<group>"; };
		AADPW001 /* DockPlistWatcher.swift */ = {isa = PBXFileReference; lastKnownFileType = sourcecode.swift; path = DockPlistWatcher.swift; sourceTree = "<group>"; };
/* End PBXFileReference section */

/* Begin PBXFrameworksBuildPhase section */
		AA000A /* Frameworks */ = {
			isa = PBXFrameworksBuildPhase;
			buildActionMask = 2147483647;
			files = (
			);
			runOnlyForDeploymentPostprocessing = 0;
		};
/* End PBXFrameworksBuildPhase section */

/* Begin PBXGroup section */
		AA000B /* DockTile */ = {
			isa = PBXGroup;
			children = (
				AA000C /* App */,
				AA000D /* Core */,
				AA000E /* UI */,
				AA000F /* Resources */,

				AA55A574 /* Models */,
				AA624C88 /* Managers */,
				AA2D6A61 /* Extensions */,
				AA1C0BC3 /* Views */,
				AA18D09C /* Components */,
				AAU00003 /* Utilities */,);
			path = DockTile;
			sourceTree = "<group>";
		};
		AA000C /* App */ = {
			isa = PBXGroup;
			children = (
				AAMAIN02 /* main.swift */,
				AA0002 /* DockTileApp.swift */,
				AA0004 /* AppDelegate.swift */,
				AAHELP02 /* HelperAppDelegate.swift */,
			);
			path = App;
			sourceTree = "<group>";
		};
		AA000D /* Core */ = {
			isa = PBXGroup;
			children = (
				AA0006 /* GhostModeManager.swift */,
			);
			path = Core;
			sourceTree = "<group>";
		};
		AA000E /* UI */ = {
			isa = PBXGroup;
			children = (
				AA0021 /* FloatingPanel.swift */,
				AA0023 /* LauncherView.swift */,
			);
			path = UI;
			sourceTree = "<group>";
		};
		AA000F /* Resources */ = {
			isa = PBXGroup;
			children = (
				AA0008 /* Info.plist */,
			);
			path = Resources;
			sourceTree = "<group>";
		};
		AA0010 /* Products */ = {
			isa = PBXGroup;
			children = (
				AA0009 /* DockTile.app */,
			);
			name = Products;
			sourceTree = "<group>";
		};
		AA0011 = {
			isa = PBXGroup;
			children = (
				AA000B /* DockTile */,
				AA0010 /* Products */,
			);
			sourceTree = "<group>";
		};

		AA55A574 /* Models */ = {
			isa = PBXGroup;
			children = (
				AACFE26F /* ConfigurationModels.swift */,
			
				AA0D6A16 /* ConfigurationModels.swift */,);
			path = Models;
			sourceTree = "<group>";
		};

		AA624C88 /* Managers */ = {
			isa = PBXGroup;
			children = (
				AAC48362 /* ConfigurationManager.swift */,
				AAH00002 /* HelperBundleManager.swift */,
				AADPW001 /* DockPlistWatcher.swift */,
				AAC89BB2 /* ConfigurationManager.swift */,);
			path = Managers;
			sourceTree = "<group>";
		};

		AA2D6A61 /* Extensions */ = {
			isa = PBXGroup;
			children = (
				AA90E3D3 /* ColorExtensions.swift */,
			
				AA70D235 /* ColorExtensions.swift */,);
			path = Extensions;
			sourceTree = "<group>";
		};

		AA1C0BC3 /* Views */ = {
			isa = PBXGroup;
			children = (
				AA12D329 /* DockTileConfigurationView.swift */,
				AA169EDE /* DockTileSidebarView.swift */,
				AADDFDF7 /* DockTileDetailView.swift */,
				AAC45935 /* CustomiseTileView.swift */,
			
				AA9143C9 /* CustomiseTileView.swift */,
				AA474359 /* DockTileDetailView.swift */,
				AA05B3C0 /* DockTileSidebarView.swift */,
				AAC653A9 /* DockTileConfigurationView.swift */,);
			path = Views;
			sourceTree = "<group>";
		};

		AA18D09C /* Components */ = {
			isa = PBXGroup;
			children = (
				AA547156 /* DockTileIconPreview.swift */,
				AAF32B63 /* ItemRowView.swift */,
				AA8A2DA5 /* ColourPickerGrid.swift */,
				AA94D1EB /* SymbolPickerButton.swift */,

				AAEF0770 /* SymbolPickerButton.swift */,
				AAA285A0 /* ColourPickerGrid.swift */,
				AA2CAE1C /* ItemRowView.swift */,
				AAC2BA1B /* DockTileIconPreview.swift */,);
			path = Components;
			sourceTree = "<group>";
		};

		AAU00003 /* Utilities */ = {
			isa = PBXGroup;
			children = (
				AAU00002 /* IconGenerator.swift */,);
			path = Utilities;
			sourceTree = "<group>";
		};
/* End PBXGroup section */

/* Begin PBXNativeTarget section */
		AA0012 /* DockTile */ = {
			isa = PBXNativeTarget;
			buildConfigurationList = AA0013 /* Build configuration list for PBXNativeTarget "DockTile" */;
			buildPhases = (
				AA0014 /* Sources */,
				AA000A /* Frameworks */,
				AA0015 /* Resources */,
			);
			buildRules = (
			);
			dependencies = (
			);
			name = DockTile;
			productName = DockTile;
			productReference = AA0009 /* DockTile.app */;
			productType = "com.apple.product-type.application";
		};
/* End PBXNativeTarget section */

/* Begin PBXProject section */
		AA0016 /* Project object */ = {
			isa = PBXProject;
			attributes = {
				BuildIndependentTargetsInParallel = 1;
				LastSwiftUpdateCheck = 1600;
				LastUpgradeCheck = 1600;
			};
			buildConfigurationList = AA0017 /* Build configuration list for PBXProject "DockTile" */;
			developmentRegion = en;
			hasScannedForEncodings = 0;
			knownRegions = (
				en,
			);
			mainGroup = AA0011;
			minimizedProjectReferenceProxies = 1;
			preferredProjectObjectVersion = 77;
			productRefGroup = AA0010 /* Products */;
			projectDirPath = "";
			projectRoot = "";
			targets = (
				AA0012 /* DockTile */,
			);
		};
/* End PBXProject section */

/* Begin PBXResourcesBuildPhase section */
		AA0015 /* Resources */ = {
			isa = PBXResourcesBuildPhase;
			buildActionMask = 2147483647;
			files = (
			);
			runOnlyForDeploymentPostprocessing = 0;
		};
/* End PBXResourcesBuildPhase section */

/* Begin PBXSourcesBuildPhase section */
		AA0014 /* Sources */ = {
			isa = PBXSourcesBuildPhase;
			buildActionMask = 2147483647;
			files = (
				AAMAIN01 /* main.swift in Sources */,
				AA0001 /* DockTileApp.swift in Sources */,
				AA0003 /* AppDelegate.swift in Sources */,
				AAHELP01 /* HelperAppDelegate.swift in Sources */,
				AA0005 /* GhostModeManager.swift in Sources */,
				AA0020 /* FloatingPanel.swift in Sources */,
				AA0022 /* LauncherView.swift in Sources */,
				AAU00001 /* IconGenerator.swift in Sources */,
				AAH00001 /* HelperBundleManager.swift in Sources */,
				AADPW002 /* DockPlistWatcher.swift in Sources */,

				AA49ED64 /* SymbolPickerButton.swift in Sources */,
				AA597367 /* ColourPickerGrid.swift in Sources */,
				AA291E3F /* ItemRowView.swift in Sources */,
				AA0E9A37 /* DockTileIconPreview.swift in Sources */,
				AA7EF687 /* CustomiseTileView.swift in Sources */,
				AAD57BC8 /* DockTileDetailView.swift in Sources */,
				AA607EF9 /* DockTileSidebarView.swift in Sources */,
				AA732640 /* DockTileConfigurationView.swift in Sources */,
				AA28203D /* ColorExtensions.swift in Sources */,
				AA3FF186 /* ConfigurationManager.swift in Sources */,
				AA09AE0F /* ConfigurationModels.swift in Sources */,
				AA5DE9E7 /* SymbolPickerButton.swift in Sources */,
				AA96E8AB /* ColourPickerGrid.swift in Sources */,
				AA8E2782 /* ItemRowView.swift in Sources */,
				AAE6C802 /* DockTileIconPreview.swift in Sources */,
				AAD53BEB /* CustomiseTileView.swift in Sources */,
				AAB83FE7 /* DockTileDetailView.swift in Sources */,
				AAD2A4FB /* DockTileSidebarView.swift in Sources */,
				AA6FB17C /* DockTileConfigurationView.swift in Sources */,
				AA178F39 /* ColorExtensions.swift in Sources */,
				AAB66A6F /* ConfigurationManager.swift in Sources */,
				AA07E3F1 /* ConfigurationModels.swift in Sources */,);
			runOnlyForDeploymentPostprocessing = 0;
		};
/* End PBXSourcesBuildPhase section */

/* Begin XCBuildConfiguration section */
		AA0018 /* Debug */ = {
			isa = XCBuildConfiguration;
			buildSettings = {
				ASSETCATALOG_COMPILER_APPICON_NAME = AppIcon;
				CODE_SIGN_STYLE = Automatic;
				COMBINE_HIDPI_IMAGES = YES;
				CURRENT_PROJECT_VERSION = 1;
				DEVELOPMENT_TEAM = "";
				ENABLE_HARDENED_RUNTIME = YES;
				ENABLE_PREVIEWS = YES;
				GENERATE_INFOPLIST_FILE = NO;
				INFOPLIST_FILE = DockTile/Resources/Info.plist;
				INFOPLIST_KEY_NSHumanReadableCopyright = "";
				LD_RUNPATH_SEARCH_PATHS = (
					"$(inherited)",
					"@executable_path/../Frameworks",
				);
				MACOSX_DEPLOYMENT_TARGET = 15.0;
				MARKETING_VERSION = 1.0;
				PRODUCT_BUNDLE_IDENTIFIER = com.docktile.app;
				PRODUCT_NAME = "$(TARGET_NAME)";
				SWIFT_EMIT_LOC_STRINGS = YES;
				SWIFT_VERSION = 6.0;
				SWIFT_STRICT_CONCURRENCY = complete;
			};
			name = Debug;
		};
		AA0019 /* Release */ = {
			isa = XCBuildConfiguration;
			buildSettings = {
				ASSETCATALOG_COMPILER_APPICON_NAME = AppIcon;
				CODE_SIGN_STYLE = Automatic;
				COMBINE_HIDPI_IMAGES = YES;
				CURRENT_PROJECT_VERSION = 1;
				DEVELOPMENT_TEAM = "";
				ENABLE_HARDENED_RUNTIME = YES;
				ENABLE_PREVIEWS = YES;
				GENERATE_INFOPLIST_FILE = NO;
				INFOPLIST_FILE = DockTile/Resources/Info.plist;
				INFOPLIST_KEY_NSHumanReadableCopyright = "";
				LD_RUNPATH_SEARCH_PATHS = (
					"$(inherited)",
					"@executable_path/../Frameworks",
				);
				MACOSX_DEPLOYMENT_TARGET = 15.0;
				MARKETING_VERSION = 1.0;
				PRODUCT_BUNDLE_IDENTIFIER = com.docktile.app;
				PRODUCT_NAME = "$(TARGET_NAME)";
				SWIFT_EMIT_LOC_STRINGS = YES;
				SWIFT_VERSION = 6.0;
				SWIFT_STRICT_CONCURRENCY = complete;
			};
			name = Release;
		};
		AA001A /* Debug */ = {
			isa = XCBuildConfiguration;
			buildSettings = {
				ALWAYS_SEARCH_USER_PATHS = NO;
				ASSETCATALOG_COMPILER_GENERATE_SWIFT_ASSET_SYMBOL_EXTENSIONS = YES;
				CLANG_ANALYZER_NONNULL = YES;
				CLANG_ANALYZER_NUMBER_OBJECT_CONVERSION = YES_AGGRESSIVE;
				CLANG_CXX_LANGUAGE_STANDARD = "gnu++20";
				CLANG_ENABLE_MODULES = YES;
				CLANG_ENABLE_OBJC_ARC = YES;
				CLANG_ENABLE_OBJC_WEAK = YES;
				CLANG_WARN_BLOCK_CAPTURE_AUTORELEASING = YES;
				CLANG_WARN_BOOL_CONVERSION = YES;
				CLANG_WARN_COMMA = YES;
				CLANG_WARN_CONSTANT_CONVERSION = YES;
				CLANG_WARN_DEPRECATED_OBJC_IMPLEMENTATIONS = YES;
				CLANG_WARN_DIRECT_OBJC_ISA_USAGE = YES_ERROR;
				CLANG_WARN_DOCUMENTATION_COMMENTS = YES;
				CLANG_WARN_EMPTY_BODY = YES;
				CLANG_WARN_ENUM_CONVERSION = YES;
				CLANG_WARN_INFINITE_RECURSION = YES;
				CLANG_WARN_INT_CONVERSION = YES;
				CLANG_WARN_NON_LITERAL_NULL_CONVERSION = YES;
				CLANG_WARN_OBJC_IMPLICIT_RETAIN_SELF = YES;
				CLANG_WARN_OBJC_LITERAL_CONVERSION = YES;
				CLANG_WARN_OBJC_ROOT_CLASS = YES_ERROR;
				CLANG_WARN_QUOTED_INCLUDE_IN_FRAMEWORK_HEADER = YES;
				CLANG_WARN_RANGE_LOOP_ANALYSIS = YES;
				CLANG_WARN_STRICT_PROTOTYPES = YES;
				CLANG_WARN_SUSPICIOUS_MOVE = YES;
				CLANG_WARN_UNGUARDED_AVAILABILITY = YES_AGGRESSIVE;
				CLANG_WARN_UNREACHABLE_CODE = YES;
				CLANG_WARN__DUPLICATE_METHOD_MATCH = YES;
				COPY_PHASE_STRIP = NO;
				DEBUG_INFORMATION_FORMAT = dwarf;
				ENABLE_STRICT_OBJC_MSGSEND = YES;
				ENABLE_TESTABILITY = YES;
				ENABLE_USER_SCRIPT_SANDBOXING = YES;
				GCC_C_LANGUAGE_STANDARD = gnu17;
				GCC_DYNAMIC_NO_PIC = NO;
				GCC_NO_COMMON_BLOCKS = YES;
				GCC_OPTIMIZATION_LEVEL = 0;
				GCC_PREPROCESSOR_DEFINITIONS = (
					"DEBUG=1",
					"$(inherited)",
				);
				GCC_WARN_64_TO_32_BIT_CONVERSION = YES;
				GCC_WARN_ABOUT_RETURN_TYPE = YES_ERROR;
				GCC_WARN_UNDECLARED_SELECTOR = YES;
				GCC_WARN_UNINITIALIZED_AUTOS = YES_AGGRESSIVE;
				GCC_WARN_UNUSED_FUNCTION = YES;
				GCC_WARN_UNUSED_VARIABLE = YES;
				LOCALIZATION_PREFERS_STRING_CATALOGS = YES;
				MACOSX_DEPLOYMENT_TARGET = 15.0;
				MTL_ENABLE_DEBUG_INFO = INCLUDE_SOURCE;
				MTL_FAST_MATH = YES;
				ONLY_ACTIVE_ARCH = YES;
				SDKROOT = macosx;
				SWIFT_ACTIVE_COMPILATION_CONDITIONS = "DEBUG $(inherited)";
				SWIFT_OPTIMIZATION_LEVEL = "-Onone";
			};
			name = Debug;
		};
		AA001B /* Release */ = {
			isa = XCBuildConfiguration;
			buildSettings = {
				ALWAYS_SEARCH_USER_PATHS = NO;
				ASSETCATALOG_COMPILER_GENERATE_SWIFT_ASSET_SYMBOL_EXTENSIONS = YES;
				CLANG_ANALYZER_NONNULL = YES;
				CLANG_ANALYZER_NUMBER_OBJECT_CONVERSION = YES_AGGRESSIVE;
				CLANG_CXX_LANGUAGE_STANDARD = "gnu++20";
				CLANG_ENABLE_MODULES = YES;
				CLANG_ENABLE_OBJC_ARC = YES;
				CLANG_ENABLE_OBJC_WEAK = YES;
				CLANG_WARN_BLOCK_CAPTURE_AUTORELEASING = YES;
				CLANG_WARN_BOOL_CONVERSION = YES;
				CLANG_WARN_COMMA = YES;
				CLANG_WARN_CONSTANT_CONVERSION = YES;
				CLANG_WARN_DEPRECATED_OBJC_IMPLEMENTATIONS = YES;
				CLANG_WARN_DIRECT_OBJC_ISA_USAGE = YES_ERROR;
				CLANG_WARN_DOCUMENTATION_COMMENTS = YES;
				CLANG_WARN_EMPTY_BODY = YES;
				CLANG_WARN_ENUM_CONVERSION = YES;
				CLANG_WARN_INFINITE_RECURSION = YES;
				CLANG_WARN_INT_CONVERSION = YES;
				CLANG_WARN_NON_LITERAL_NULL_CONVERSION = YES;
				CLANG_WARN_OBJC_IMPLICIT_RETAIN_SELF = YES;
				CLANG_WARN_OBJC_LITERAL_CONVERSION = YES;
				CLANG_WARN_OBJC_ROOT_CLASS = YES_ERROR;
				CLANG_WARN_QUOTED_INCLUDE_IN_FRAMEWORK_HEADER = YES;
				CLANG_WARN_RANGE_LOOP_ANALYSIS = YES;
				CLANG_WARN_STRICT_PROTOTYPES = YES;
				CLANG_WARN_SUSPICIOUS_MOVE = YES;
				CLANG_WARN_UNGUARDED_AVAILABILITY = YES_AGGRESSIVE;
				CLANG_WARN_UNREACHABLE_CODE = YES;
				CLANG_WARN__DUPLICATE_METHOD_MATCH = YES;
				COPY_PHASE_STRIP = NO;
				DEBUG_INFORMATION_FORMAT = "dwarf-with-dsym";
				ENABLE_NS_ASSERTIONS = NO;
				ENABLE_STRICT_OBJC_MSGSEND = YES;
				ENABLE_USER_SCRIPT_SANDBOXING = YES;
				GCC_C_LANGUAGE_STANDARD = gnu17;
				GCC_NO_COMMON_BLOCKS = YES;
				GCC_WARN_64_TO_32_BIT_CONVERSION = YES;
				GCC_WARN_ABOUT_RETURN_TYPE = YES_ERROR;
				GCC_WARN_UNDECLARED_SELECTOR = YES;
				GCC_WARN_UNINITIALIZED_AUTOS = YES_AGGRESSIVE;
				GCC_WARN_UNUSED_FUNCTION = YES;
				GCC_WARN_UNUSED_VARIABLE = YES;
				LOCALIZATION_PREFERS_STRING_CATALOGS = YES;
				MACOSX_DEPLOYMENT_TARGET = 15.0;
				MTL_ENABLE_DEBUG_INFO = NO;
				MTL_FAST_MATH = YES;
				SDKROOT = macosx;
				SWIFT_COMPILATION_MODE = wholemodule;
			};
			name = Release;
		};
/* End XCBuildConfiguration section */

/* Begin XCConfigurationList section */
		AA0013 /* Build configuration list for PBXNativeTarget "DockTile" */ = {
			isa = XCConfigurationList;
			buildConfigurations = (
				AA0018 /* Debug */,
				AA0019 /* Release */,
			);
			defaultConfigurationIsVisible = 0;
			defaultConfigurationName = Release;
		};
		AA0017 /* Build configuration list for PBXProject "DockTile" */ = {
			isa = XCConfigurationList;
			buildConfigurations = (
				AA001A /* Debug */,
				AA001B /* Release */,
				);
			defaultConfigurationIsVisible = 0;
			defaultConfigurationName = Release;
		};
/* End XCConfigurationList section */
	};
	rootObject = AA0016 /* Project object */;
}
